
Microsoft Visual Studio Solution File, Format Version 12.00
# Visual Studio Version 17
VisualStudioVersion = 17.4.33205.214
MinimumVisualStudioVersion = 10.0.40219.1
Project("{FAE04EC0-301F-11D3-BF4B-00C04F79EFBC}") = "ManageMiniMart", "ManageMiniMart\ManageMiniMart.csproj", "{571CC860-6AC1-4AEF-A2F2-5541E81CAAC2}"
EndProject
Project("{FAE04EC0-301F-11D3-BF4B-00C04F79EFBC}") = "CustomControl", "CustomControl\CustomControl.csproj", "{22A75696-BAD4-40FF-8231-AE1D98802F03}"
EndProject
Global
	GlobalSection(SolutionConfigurationPlatforms) = preSolution
		Debug|Any CPU = Debug|Any CPU
		Release|Any CPU = Release|Any CPU
	EndGlobalSection
	GlobalSection(ProjectConfigurationPlatforms) = postSolution
		{571CC860-6AC1-4AEF-A2F2-5541E81CAAC2}.Debug|Any CPU.ActiveCfg = Debug|Any CPU
		{571CC860-6AC1-4AEF-A2F2-5541E81CAAC2}.Debug|Any CPU.Build.0 = Debug|Any CPU
		{571CC860-6AC1-4AEF-A2F2-5541E81CAAC2}.Release|Any CPU.ActiveCfg = Release|Any CPU
		{571CC860-6AC1-4AEF-A2F2-5541E81CAAC2}.Release|Any CPU.Build.0 = Release|Any CPU
		{22A75696-BAD4-40FF-8231-AE1D98802F03}.Debug|Any CPU.ActiveCfg = Debug|Any CPU
		{22A75696-BAD4-40FF-8231-AE1D98802F03}.Debug|Any CPU.Build.0 = Debug|Any CPU
		{22A75696-BAD4-40FF-8231-AE1D98802F03}.Release|Any CPU.ActiveCfg = Release|Any CPU
		{22A75696-BAD4-40FF-8231-AE1D98802F03}.Release|Any CPU.Build.0 = Release|Any CPU
	EndGlobalSection
	GlobalSection(SolutionProperties) = preSolution
		HideSolutionNode = FALSE
	EndGlobalSection
	GlobalSection(ExtensibilityGlobals) = postSolution
		SolutionGuid = {D171EE02-06FF-4228-9B88-AC7CF2E84AEC}
	EndGlobalSection
EndGlobal
